// !$*UTF8*$!
{
	archiveVersion = 1;
	classes = {
	};
	objectVersion = 50;
	objects = {

/* Begin PBXBuildFile section */
		52E3569824BF36DE0013E950 /* AppDelegate.swift in Sources */ = {isa = PBXBuildFile; fileRef = 52E3569724BF36DE0013E950 /* AppDelegate.swift */; };
		52E3569A24BF36DE0013E950 /* SceneDelegate.swift in Sources */ = {isa = PBXBuildFile; fileRef = 52E3569924BF36DE0013E950 /* SceneDelegate.swift */; };
		52E3569C24BF36DE0013E950 /* ViewController.swift in Sources */ = {isa = PBXBuildFile; fileRef = 52E3569B24BF36DE0013E950 /* ViewController.swift */; };
		52E3569F24BF36DE0013E950 /* Main.storyboard in Resources */ = {isa = PBXBuildFile; fileRef = 52E3569D24BF36DE0013E950 /* Main.storyboard */; };
		52E356A124BF36DF0013E950 /* Assets.xcassets in Resources */ = {isa = PBXBuildFile; fileRef = 52E356A024BF36DF0013E950 /* Assets.xcassets */; };
		52E356A424BF36DF0013E950 /* LaunchScreen.storyboard in Resources */ = {isa = PBXBuildFile; fileRef = 52E356A224BF36DF0013E950 /* LaunchScreen.storyboard */; };
		52E356AC24BF3A4E0013E950 /* Pokemon.swift in Sources */ = {isa = PBXBuildFile; fileRef = 52E356AB24BF3A4E0013E950 /* Pokemon.swift */; };
		52E356AE24BF432E0013E950 /* PokemonViewController.swift in Sources */ = {isa = PBXBuildFile; fileRef = 52E356AD24BF432E0013E950 /* PokemonViewController.swift */; };
/* End PBXBuildFile section */

/* Begin PBXFileReference section */
		52E3569424BF36DE0013E950 /* Pokedex.app */ = {isa = PBXFileReference; explicitFileType = wrapper.application; includeInIndex = 0; path = Pokedex.app; sourceTree = BUILT_PRODUCTS_DIR; };
		52E3569724BF36DE0013E950 /* AppDelegate.swift */ = {isa = PBXFileReference; lastKnownFileType = sourcecode.swift; path = AppDelegate.swift; sourceTree = "<group>"; };
		52E3569924BF36DE0013E950 /* SceneDelegate.swift */ = {isa = PBXFileReference; lastKnownFileType = sourcecode.swift; path = SceneDelegate.swift; sourceTree = "<group>"; };
		52E3569B24BF36DE0013E950 /* ViewController.swift */ = {isa = PBXFileReference; lastKnownFileType = sourcecode.swift; path = ViewController.swift; sourceTree = "<group>"; };
		52E3569E24BF36DE0013E950 /* Base */ = {isa = PBXFileReference; lastKnownFileType = file.storyboard; name = Base; path = Base.lproj/Main.storyboard; sourceTree = "<group>"; };
		52E356A024BF36DF0013E950 /* Assets.xcassets */ = {isa = PBXFileReference; lastKnownFileType = folder.assetcatalog; path = Assets.xcassets; sourceTree = "<group>"; };
		52E356A324BF36DF0013E950 /* Base */ = {isa = PBXFileReference; lastKnownFileType = file.storyboard; name = Base; path = Base.lproj/LaunchScreen.storyboard; sourceTree = "<group>"; };
		52E356A524BF36DF0013E950 /* Info.plist */ = {isa = PBXFileReference; lastKnownFileType = text.plist.xml; path = Info.plist; sourceTree = "<group>"; };
		52E356AB24BF3A4E0013E950 /* Pokemon.swift */ = {isa = PBXFileReference; lastKnownFileType = sourcecode.swift; path = Pokemon.swift; sourceTree = "<group>"; };
		52E356AD24BF432E0013E950 /* PokemonViewController.swift */ = {isa = PBXFileReference; lastKnownFileType = sourcecode.swift; path = PokemonViewController.swift; sourceTree = "<group>"; };
/* End PBXFileReference section */

/* Begin PBXFrameworksBuildPhase section */
		52E3569124BF36DE0013E950 /* Frameworks */ = {
			isa = PBXFrameworksBuildPhase;
			buildActionMask = 2147483647;
			files = (
			);
			runOnlyForDeploymentPostprocessing = 0;
		};
/* End PBXFrameworksBuildPhase section */

/* Begin PBXGroup section */
		52E3568B24BF36DE0013E950 = {
			isa = PBXGroup;
			children = (
				52E3569624BF36DE0013E950 /* Pokedex */,
				52E3569524BF36DE0013E950 /* Products */,
			);
			sourceTree = "<group>";
		};
		52E3569524BF36DE0013E950 /* Products */ = {
			isa = PBXGroup;
			children = (
				52E3569424BF36DE0013E950 /* Pokedex.app */,
			);
			name = Products;
			sourceTree = "<group>";
		};
		52E3569624BF36DE0013E950 /* Pokedex */ = {
			isa = PBXGroup;
			children = (
				52E3569724BF36DE0013E950 /* AppDelegate.swift */,
				52E3569924BF36DE0013E950 /* SceneDelegate.swift */,
				52E3569B24BF36DE0013E950 /* ViewController.swift */,
				52E3569D24BF36DE0013E950 /* Main.storyboard */,
				52E356A024BF36DF0013E950 /* Assets.xcassets */,
				52E356A224BF36DF0013E950 /* LaunchScreen.storyboard */,
				52E356A524BF36DF0013E950 /* Info.plist */,
				52E356AB24BF3A4E0013E950 /* Pokemon.swift */,
				52E356AD24BF432E0013E950 /* PokemonViewController.swift */,
			);
			path = Pokedex;
			sourceTree = "<group>";
		};
/* End PBXGroup section */

/* Begin PBXNativeTarget section */
		52E3569324BF36DE0013E950 /* Pokedex */ = {
			isa = PBXNativeTarget;
			buildConfigurationList = 52E356A824BF36DF0013E950 /* Build configuration list for PBXNativeTarget "Pokedex" */;
			buildPhases = (
				52E3569024BF36DE0013E950 /* Sources */,
				52E3569124BF36DE0013E950 /* Frameworks */,
				52E3569224BF36DE0013E950 /* Resources */,
			);
			buildRules = (
			);
			dependencies = (
			);
			name = Pokedex;
			productName = Pokedex;
			productReference = 52E3569424BF36DE0013E950 /* Pokedex.app */;
			productType = "com.apple.product-type.application";
		};
/* End PBXNativeTarget section */

/* Begin PBXProject section */
		52E3568C24BF36DE0013E950 /* Project object */ = {
			isa = PBXProject;
			attributes = {
				LastSwiftUpdateCheck = 1150;
				LastUpgradeCheck = 1150;
				ORGANIZATIONNAME = "Kemal İnecik";
				TargetAttributes = {
					52E3569324BF36DE0013E950 = {
						CreatedOnToolsVersion = 11.5;
					};
				};
			};
			buildConfigurationList = 52E3568F24BF36DE0013E950 /* Build configuration list for PBXProject "Pokedex" */;
			compatibilityVersion = "Xcode 9.3";
			developmentRegion = en;
			hasScannedForEncodings = 0;
			knownRegions = (
				en,
				Base,
			);
			mainGroup = 52E3568B24BF36DE0013E950;
			productRefGroup = 52E3569524BF36DE0013E950 /* Products */;
			projectDirPath = "";
			projectRoot = "";
			targets = (
				52E3569324BF36DE0013E950 /* Pokedex */,
			);
		};
/* End PBXProject section */

/* Begin PBXResourcesBuildPhase section */
		52E3569224BF36DE0013E950 /* Resources */ = {
			isa = PBXResourcesBuildPhase;
			buildActionMask = 2147483647;
			files = (
				52E356A424BF36DF0013E950 /* LaunchScreen.storyboard in Resources */,
				52E356A124BF36DF0013E950 /* Assets.xcassets in Resources */,
				52E3569F24BF36DE0013E950 /* Main.storyboard in Resources */,
			);
			runOnlyForDeploymentPostprocessing = 0;
		};
/* End PBXResourcesBuildPhase section */

/* Begin PBXSourcesBuildPhase section */
		52E3569024BF36DE0013E950 /* Sources */ = {
			isa = PBXSourcesBuildPhase;
			buildActionMask = 2147483647;
			files = (
				52E3569C24BF36DE0013E950 /* ViewController.swift in Sources */,
				52E356AE24BF432E0013E950 /* PokemonViewController.swift in Sources */,
				52E356AC24BF3A4E0013E950 /* Pokemon.swift in Sources */,
				52E3569824BF36DE0013E950 /* AppDelegate.swift in Sources */,
				52E3569A24BF36DE0013E950 /* SceneDelegate.swift in Sources */,
			);
			runOnlyForDeploymentPostprocessing = 0;
		};
/* End PBXSourcesBuildPhase section */

/* Begin PBXVariantGroup section */
		52E3569D24BF36DE0013E950 /* Main.storyboard */ = {
			isa = PBXVariantGroup;
			children = (
				52E3569E24BF36DE0013E950 /* Base */,
			);
			name = Main.storyboard;
			sourceTree = "<group>";
		};
		52E356A224BF36DF0013E950 /* LaunchScreen.storyboard */ = {
			isa = PBXVariantGroup;
			children = (
				52E356A324BF36DF0013E950 /* Base */,
			);
			name = LaunchScreen.storyboard;
			sourceTree = "<group>";
		};
/* End PBXVariantGroup section */

/* Begin XCBuildConfiguration section */
		52E356A624BF36DF0013E950 /* Debug */ = {
			isa = XCBuildConfiguration;
			buildSettings = {
				ALWAYS_SEARCH_USER_PATHS = NO;
				CLANG_ANALYZER_NONNULL = YES;
				CLANG_ANALYZER_NUMBER_OBJECT_CONVERSION = YES_AGGRESSIVE;
				CLANG_CXX_LANGUAGE_STANDARD = "gnu++14";
				CLANG_CXX_LIBRARY = "libc++";
				CLANG_ENABLE_MODULES = YES;
				CLANG_ENABLE_OBJC_ARC = YES;
				CLANG_ENABLE_OBJC_WEAK = YES;
				CLANG_WARN_BLOCK_CAPTURE_AUTORELEASING = YES;
				CLANG_WARN_BOOL_CONVERSION = YES;
				CLANG_WARN_COMMA = YES;
				CLANG_WARN_CONSTANT_CONVERSION = YES;
				CLANG_WARN_DEPRECATED_OBJC_IMPLEMENTATIONS = YES;
				CLANG_WARN_DIRECT_OBJC_ISA_USAGE = YES_ERROR;
				CLANG_WARN_DOCUMENTATION_COMMENTS = YES;
				CLANG_WARN_EMPTY_BODY = YES;
				CLANG_WARN_ENUM_CONVERSION = YES;
				CLANG_WARN_INFINITE_RECURSION = YES;
				CLANG_WARN_INT_CONVERSION = YES;
				CLANG_WARN_NON_LITERAL_NULL_CONVERSION = YES;
				CLANG_WARN_OBJC_IMPLICIT_RETAIN_SELF = YES;
				CLANG_WARN_OBJC_LITERAL_CONVERSION = YES;
				CLANG_WARN_OBJC_ROOT_CLASS = YES_ERROR;
				CLANG_WARN_RANGE_LOOP_ANALYSIS = YES;
				CLANG_WARN_STRICT_PROTOTYPES = YES;
				CLANG_WARN_SUSPICIOUS_MOVE = YES;
				CLANG_WARN_UNGUARDED_AVAILABILITY = YES_AGGRESSIVE;
				CLANG_WARN_UNREACHABLE_CODE = YES;
				CLANG_WARN__DUPLICATE_METHOD_MATCH = YES;
				COPY_PHASE_STRIP = NO;
				DEBUG_INFORMATION_FORMAT = dwarf;
				ENABLE_STRICT_OBJC_MSGSEND = YES;
				ENABLE_TESTABILITY = YES;
				GCC_C_LANGUAGE_STANDARD = gnu11;
				GCC_DYNAMIC_NO_PIC = NO;
				GCC_NO_COMMON_BLOCKS = YES;
				GCC_OPTIMIZATION_LEVEL = 0;
				GCC_PREPROCESSOR_DEFINITIONS = (
					"DEBUG=1",
					"$(inherited)",
				);
				GCC_WARN_64_TO_32_BIT_CONVERSION = YES;
				GCC_WARN_ABOUT_RETURN_TYPE = YES_ERROR;
				GCC_WARN_UNDECLARED_SELECTOR = YES;
				GCC_WARN_UNINITIALIZED_AUTOS = YES_AGGRESSIVE;
				GCC_WARN_UNUSED_FUNCTION = YES;
				GCC_WARN_UNUSED_VARIABLE = YES;
				IPHONEOS_DEPLOYMENT_TARGET = 13.5;
				MTL_ENABLE_DEBUG_INFO = INCLUDE_SOURCE;
				MTL_FAST_MATH = YES;
				ONLY_ACTIVE_ARCH = YES;
				SDKROOT = iphoneos;
				SWIFT_ACTIVE_COMPILATION_CONDITIONS = DEBUG;
				SWIFT_OPTIMIZATION_LEVEL = "-Onone";
			};
			name = Debug;
		};
		52E356A724BF36DF0013E950 /* Release */ = {
			isa = XCBuildConfiguration;
			buildSettings = {
				ALWAYS_SEARCH_USER_PATHS = NO;
				CLANG_ANALYZER_NONNULL = YES;
				CLANG_ANALYZER_NUMBER_OBJECT_CONVERSION = YES_AGGRESSIVE;
				CLANG_CXX_LANGUAGE_STANDARD = "gnu++14";
				CLANG_CXX_LIBRARY = "libc++";
				CLANG_ENABLE_MODULES = YES;
				CLANG_ENABLE_OBJC_ARC = YES;
				CLANG_ENABLE_OBJC_WEAK = YES;
				CLANG_WARN_BLOCK_CAPTURE_AUTORELEASING = YES;
				CLANG_WARN_BOOL_CONVERSION = YES;
				CLANG_WARN_COMMA = YES;
				CLANG_WARN_CONSTANT_CONVERSION = YES;
				CLANG_WARN_DEPRECATED_OBJC_IMPLEMENTATIONS = YES;
				CLANG_WARN_DIRECT_OBJC_ISA_USAGE = YES_ERROR;
				CLANG_WARN_DOCUMENTATION_COMMENTS = YES;
				CLANG_WARN_EMPTY_BODY = YES;
				CLANG_WARN_ENUM_CONVERSION = YES;
				CLANG_WARN_INFINITE_RECURSION = YES;
				CLANG_WARN_INT_CONVERSION = YES;
				CLANG_WARN_NON_LITERAL_NULL_CONVERSION = YES;
				CLANG_WARN_OBJC_IMPLICIT_RETAIN_SELF = YES;
				CLANG_WARN_OBJC_LITERAL_CONVERSION = YES;
				CLANG_WARN_OBJC_ROOT_CLASS = YES_ERROR;
				CLANG_WARN_RANGE_LOOP_ANALYSIS = YES;
				CLANG_WARN_STRICT_PROTOTYPES = YES;
				CLANG_WARN_SUSPICIOUS_MOVE = YES;
				CLANG_WARN_UNGUARDED_AVAILABILITY = YES_AGGRESSIVE;
				CLANG_WARN_UNREACHABLE_CODE = YES;
				CLANG_WARN__DUPLICATE_METHOD_MATCH = YES;
				COPY_PHASE_STRIP = NO;
				DEBUG_INFORMATION_FORMAT = "dwarf-with-dsym";
				ENABLE_NS_ASSERTIONS = NO;
				ENABLE_STRICT_OBJC_MSGSEND = YES;
				GCC_C_LANGUAGE_STANDARD = gnu11;
				GCC_NO_COMMON_BLOCKS = YES;
				GCC_WARN_64_TO_32_BIT_CONVERSION = YES;
				GCC_WARN_ABOUT_RETURN_TYPE = YES_ERROR;
				GCC_WARN_UNDECLARED_SELECTOR = YES;
				GCC_WARN_UNINITIALIZED_AUTOS = YES_AGGRESSIVE;
				GCC_WARN_UNUSED_FUNCTION = YES;
				GCC_WARN_UNUSED_VARIABLE = YES;
				IPHONEOS_DEPLOYMENT_TARGET = 13.5;
				MTL_ENABLE_DEBUG_INFO = NO;
				MTL_FAST_MATH = YES;
				SDKROOT = iphoneos;
				SWIFT_COMPILATION_MODE = wholemodule;
				SWIFT_OPTIMIZATION_LEVEL = "-O";
				VALIDATE_PRODUCT = YES;
			};
			name = Release;
		};
		52E356A924BF36DF0013E950 /* Debug */ = {
			isa = XCBuildConfiguration;
			buildSettings = {
				ASSETCATALOG_COMPILER_APPICON_NAME = AppIcon;
				CODE_SIGN_STYLE = Automatic;
				DEVELOPMENT_TEAM = Q36UJTEH7R;
				INFOPLIST_FILE = Pokedex/Info.plist;
				LD_RUNPATH_SEARCH_PATHS = (
					"$(inherited)",
					"@executable_path/Frameworks",
				);
				PRODUCT_BUNDLE_IDENTIFIER = com.kemalinecik.Pokedex;
				PRODUCT_NAME = "$(TARGET_NAME)";
				SWIFT_VERSION = 5.0;
				TARGETED_DEVICE_FAMILY = "1,2";
			};
			name = Debug;
		};
		52E356AA24BF36DF0013E950 /* Release */ = {
			isa = XCBuildConfiguration;
			buildSettings = {
				ASSETCATALOG_COMPILER_APPICON_NAME = AppIcon;
				CODE_SIGN_STYLE = Automatic;
				DEVELOPMENT_TEAM = Q36UJTEH7R;
				INFOPLIST_FILE = Pokedex/Info.plist;
				LD_RUNPATH_SEARCH_PATHS = (
					"$(inherited)",
					"@executable_path/Frameworks",
				);
				PRODUCT_BUNDLE_IDENTIFIER = com.kemalinecik.Pokedex;
				PRODUCT_NAME = "$(TARGET_NAME)";
				SWIFT_VERSION = 5.0;
				TARGETED_DEVICE_FAMILY = "1,2";
			};
			name = Release;
		};
/* End XCBuildConfiguration section */

/* Begin XCConfigurationList section */
		52E3568F24BF36DE0013E950 /* Build configuration list for PBXProject "Pokedex" */ = {
			isa = XCConfigurationList;
			buildConfigurations = (
				52E356A624BF36DF0013E950 /* Debug */,
				52E356A724BF36DF0013E950 /* Release */,
			);
			defaultConfigurationIsVisible = 0;
			defaultConfigurationName = Release;
		};
		52E356A824BF36DF0013E950 /* Build configuration list for PBXNativeTarget "Pokedex" */ = {
			isa = XCConfigurationList;
			buildConfigurations = (
				52E356A924BF36DF0013E950 /* Debug */,
				52E356AA24BF36DF0013E950 /* Release */,
			);
			defaultConfigurationIsVisible = 0;
			defaultConfigurationName = Release;
		};
/* End XCConfigurationList section */
	};
	rootObject = 52E3568C24BF36DE0013E950 /* Project object */;
}
